// !$*UTF8*$!
{
	archiveVersion = 1;
	classes = {
	};
	objectVersion = 50;
	objects = {

/* Begin PBXBuildFile section */
		4429927821F0E8A0001965E8 /* Assets.xcassets in Resources */ = {isa = PBXBuildFile; fileRef = 4429927721F0E8A0001965E8 /* Assets.xcassets */; };
		7C5F706ECA84B6BFB6943EB0 /* LaunchScreen.storyboard in Resources */ = {isa = PBXBuildFile; fileRef = 7C5F7B2161D2E0F3F0B1C168 /* LaunchScreen.storyboard */; };
		7C5F71AB67F6E3908C5D584D /* Main.storyboard in Resources */ = {isa = PBXBuildFile; fileRef = 7C5F7B36F8B23583218ABD48 /* Main.storyboard */; };
		7C5F71DA8E33FC7E7F9F0899 /* ViewController.swift in Sources */ = {isa = PBXBuildFile; fileRef = 7C5F7C740F64F92384EF20A6 /* ViewController.swift */; };
		7C5F71EB5AD49F3933A64EE8 /* GiphyApi.swift in Sources */ = {isa = PBXBuildFile; fileRef = 7C5F70952CB1A3BD41C99331 /* GiphyApi.swift */; };
		7C5F7C1C85C863E9EFCBEBAE /* GiphyResponse.swift in Sources */ = {isa = PBXBuildFile; fileRef = 7C5F7FC3A3512BBDAE0A60DE /* GiphyResponse.swift */; };
		7C5F7C5C5EAD255678930F25 /* GiphyFileResponse.swift in Sources */ = {isa = PBXBuildFile; fileRef = 7C5F75785465F7DE446503DD /* GiphyFileResponse.swift */; };
		7C5F7FD7A6B981D13E2B7EA3 /* AppDelegate.swift in Sources */ = {isa = PBXBuildFile; fileRef = 7C5F799EAC6C6BA7918463F8 /* AppDelegate.swift */; };
/* End PBXBuildFile section */

/* Begin PBXFileReference section */
		4429926D21F0E89E001965E8 /* ht-8-upload-download.app */ = {isa = PBXFileReference; explicitFileType = wrapper.application; includeInIndex = 0; path = "ht-8-upload-download.app"; sourceTree = BUILT_PRODUCTS_DIR; };
		4429927721F0E8A0001965E8 /* Assets.xcassets */ = {isa = PBXFileReference; lastKnownFileType = folder.assetcatalog; path = Assets.xcassets; sourceTree = "<group>"; };
		4429927C21F0E8A0001965E8 /* Info.plist */ = {isa = PBXFileReference; lastKnownFileType = text.plist.xml; path = Info.plist; sourceTree = "<group>"; };
		7C5F70952CB1A3BD41C99331 /* GiphyApi.swift */ = {isa = PBXFileReference; fileEncoding = 4; lastKnownFileType = sourcecode.swift; path = GiphyApi.swift; sourceTree = "<group>"; };
		7C5F75785465F7DE446503DD /* GiphyFileResponse.swift */ = {isa = PBXFileReference; fileEncoding = 4; lastKnownFileType = sourcecode.swift; path = GiphyFileResponse.swift; sourceTree = "<group>"; };
		7C5F799EAC6C6BA7918463F8 /* AppDelegate.swift */ = {isa = PBXFileReference; fileEncoding = 4; lastKnownFileType = sourcecode.swift; path = AppDelegate.swift; sourceTree = "<group>"; };
		7C5F7B2161D2E0F3F0B1C168 /* LaunchScreen.storyboard */ = {isa = PBXFileReference; lastKnownFileType = file.storyboard; path = LaunchScreen.storyboard; sourceTree = "<group>"; };
		7C5F7B36F8B23583218ABD48 /* Main.storyboard */ = {isa = PBXFileReference; lastKnownFileType = file.storyboard; path = Main.storyboard; sourceTree = "<group>"; };
		7C5F7C740F64F92384EF20A6 /* ViewController.swift */ = {isa = PBXFileReference; fileEncoding = 4; lastKnownFileType = sourcecode.swift; path = ViewController.swift; sourceTree = "<group>"; };
		7C5F7FC3A3512BBDAE0A60DE /* GiphyResponse.swift */ = {isa = PBXFileReference; fileEncoding = 4; lastKnownFileType = sourcecode.swift; path = GiphyResponse.swift; sourceTree = "<group>"; };
/* End PBXFileReference section */

/* Begin PBXFrameworksBuildPhase section */
		4429926A21F0E89E001965E8 /* Frameworks */ = {
			isa = PBXFrameworksBuildPhase;
			buildActionMask = 2147483647;
			files = (
			);
			runOnlyForDeploymentPostprocessing = 0;
		};
/* End PBXFrameworksBuildPhase section */

/* Begin PBXGroup section */
		4429926421F0E89E001965E8 = {
			isa = PBXGroup;
			children = (
				4429926F21F0E89E001965E8 /* ht-8-upload-download */,
				4429926E21F0E89E001965E8 /* Products */,
			);
			sourceTree = "<group>";
		};
		4429926E21F0E89E001965E8 /* Products */ = {
			isa = PBXGroup;
			children = (
				4429926D21F0E89E001965E8 /* ht-8-upload-download.app */,
			);
			name = Products;
			sourceTree = "<group>";
		};
		4429926F21F0E89E001965E8 /* ht-8-upload-download */ = {
			isa = PBXGroup;
			children = (
				4429927721F0E8A0001965E8 /* Assets.xcassets */,
				4429927C21F0E8A0001965E8 /* Info.plist */,
				7C5F748DFE0B13B446EC5C9A /* SupoprtFiles */,
				7C5F756E07D8D29665EE4294 /* Models */,
				7C5F7DC5AD70D78E6D9F8169 /* Services */,
				7C5F7AE0243240E770C86F7F /* Controllers */,
				7C5F7F3230F46BB51019190F /* Delegates */,
			);
			path = "ht-8-upload-download";
			sourceTree = "<group>";
		};
		7C5F748DFE0B13B446EC5C9A /* SupoprtFiles */ = {
			isa = PBXGroup;
			children = (
				7C5F7B36F8B23583218ABD48 /* Main.storyboard */,
				7C5F7B2161D2E0F3F0B1C168 /* LaunchScreen.storyboard */,
			);
			path = SupoprtFiles;
			sourceTree = "<group>";
		};
		7C5F756E07D8D29665EE4294 /* Models */ = {
			isa = PBXGroup;
			children = (
				7C5F7FC3A3512BBDAE0A60DE /* GiphyResponse.swift */,
				7C5F75785465F7DE446503DD /* GiphyFileResponse.swift */,
			);
			path = Models;
			sourceTree = "<group>";
		};
		7C5F7AE0243240E770C86F7F /* Controllers */ = {
			isa = PBXGroup;
			children = (
				7C5F7C740F64F92384EF20A6 /* ViewController.swift */,
			);
			path = Controllers;
			sourceTree = "<group>";
		};
		7C5F7DA4078753ABA01F5E33 /* Network */ = {
			isa = PBXGroup;
			children = (
				7C5F70952CB1A3BD41C99331 /* GiphyApi.swift */,
			);
			path = Network;
			sourceTree = "<group>";
		};
		7C5F7DC5AD70D78E6D9F8169 /* Services */ = {
			isa = PBXGroup;
			children = (
				7C5F7DA4078753ABA01F5E33 /* Network */,
			);
			path = Services;
			sourceTree = "<group>";
		};
		7C5F7F3230F46BB51019190F /* Delegates */ = {
			isa = PBXGroup;
			children = (
				7C5F799EAC6C6BA7918463F8 /* AppDelegate.swift */,
			);
			path = Delegates;
			sourceTree = "<group>";
		};
/* End PBXGroup section */

/* Begin PBXNativeTarget section */
		4429926C21F0E89E001965E8 /* ht-8-upload-download */ = {
			isa = PBXNativeTarget;
			buildConfigurationList = 4429927F21F0E8A0001965E8 /* Build configuration list for PBXNativeTarget "ht-8-upload-download" */;
			buildPhases = (
				4429926921F0E89E001965E8 /* Sources */,
				4429926A21F0E89E001965E8 /* Frameworks */,
				4429926B21F0E89E001965E8 /* Resources */,
			);
			buildRules = (
			);
			dependencies = (
			);
			name = "ht-8-upload-download";
			productName = "ht-8-upload-download";
			productReference = 4429926D21F0E89E001965E8 /* ht-8-upload-download.app */;
			productType = "com.apple.product-type.application";
		};
/* End PBXNativeTarget section */

/* Begin PBXProject section */
		4429926521F0E89E001965E8 /* Project object */ = {
			isa = PBXProject;
			attributes = {
				LastSwiftUpdateCheck = 1010;
				LastUpgradeCheck = 1010;
				ORGANIZATIONNAME = Eugene;
				TargetAttributes = {
					4429926C21F0E89E001965E8 = {
						CreatedOnToolsVersion = 10.1;
					};
				};
			};
			buildConfigurationList = 4429926821F0E89E001965E8 /* Build configuration list for PBXProject "ht-8-upload-download" */;
			compatibilityVersion = "Xcode 9.3";
			developmentRegion = en;
			hasScannedForEncodings = 0;
			knownRegions = (
				en,
				Base,
			);
			mainGroup = 4429926421F0E89E001965E8;
			productRefGroup = 4429926E21F0E89E001965E8 /* Products */;
			projectDirPath = "";
			projectRoot = "";
			targets = (
				4429926C21F0E89E001965E8 /* ht-8-upload-download */,
			);
		};
/* End PBXProject section */

/* Begin PBXResourcesBuildPhase section */
		4429926B21F0E89E001965E8 /* Resources */ = {
			isa = PBXResourcesBuildPhase;
			buildActionMask = 2147483647;
			files = (
				4429927821F0E8A0001965E8 /* Assets.xcassets in Resources */,
				7C5F71AB67F6E3908C5D584D /* Main.storyboard in Resources */,
				7C5F706ECA84B6BFB6943EB0 /* LaunchScreen.storyboard in Resources */,
			);
			runOnlyForDeploymentPostprocessing = 0;
		};
/* End PBXResourcesBuildPhase section */

/* Begin PBXSourcesBuildPhase section */
		4429926921F0E89E001965E8 /* Sources */ = {
			isa = PBXSourcesBuildPhase;
			buildActionMask = 2147483647;
			files = (
				7C5F71DA8E33FC7E7F9F0899 /* ViewController.swift in Sources */,
				7C5F7FD7A6B981D13E2B7EA3 /* AppDelegate.swift in Sources */,
				7C5F71EB5AD49F3933A64EE8 /* GiphyApi.swift in Sources */,
				7C5F7C1C85C863E9EFCBEBAE /* GiphyResponse.swift in Sources */,
				7C5F7C5C5EAD255678930F25 /* GiphyFileResponse.swift in Sources */,
			);
			runOnlyForDeploymentPostprocessing = 0;
		};
/* End PBXSourcesBuildPhase section */

/* Begin XCBuildConfiguration section */
		4429927D21F0E8A0001965E8 /* Debug */ = {
			isa = XCBuildConfiguration;
			buildSettings = {
				ALWAYS_SEARCH_USER_PATHS = NO;
				CLANG_ANALYZER_NONNULL = YES;
				CLANG_ANALYZER_NUMBER_OBJECT_CONVERSION = YES_AGGRESSIVE;
				CLANG_CXX_LANGUAGE_STANDARD = "gnu++14";
				CLANG_CXX_LIBRARY = "libc++";
				CLANG_ENABLE_MODULES = YES;
				CLANG_ENABLE_OBJC_ARC = YES;
				CLANG_ENABLE_OBJC_WEAK = YES;
				CLANG_WARN_BLOCK_CAPTURE_AUTORELEASING = YES;
				CLANG_WARN_BOOL_CONVERSION = YES;
				CLANG_WARN_COMMA = YES;
				CLANG_WARN_CONSTANT_CONVERSION = YES;
				CLANG_WARN_DEPRECATED_OBJC_IMPLEMENTATIONS = YES;
				CLANG_WARN_DIRECT_OBJC_ISA_USAGE = YES_ERROR;
				CLANG_WARN_DOCUMENTATION_COMMENTS = YES;
				CLANG_WARN_EMPTY_BODY = YES;
				CLANG_WARN_ENUM_CONVERSION = YES;
				CLANG_WARN_INFINITE_RECURSION = YES;
				CLANG_WARN_INT_CONVERSION = YES;
				CLANG_WARN_NON_LITERAL_NULL_CONVERSION = YES;
				CLANG_WARN_OBJC_IMPLICIT_RETAIN_SELF = YES;
				CLANG_WARN_OBJC_LITERAL_CONVERSION = YES;
				CLANG_WARN_OBJC_ROOT_CLASS = YES_ERROR;
				CLANG_WARN_RANGE_LOOP_ANALYSIS = YES;
				CLANG_WARN_STRICT_PROTOTYPES = YES;
				CLANG_WARN_SUSPICIOUS_MOVE = YES;
				CLANG_WARN_UNGUARDED_AVAILABILITY = YES_AGGRESSIVE;
				CLANG_WARN_UNREACHABLE_CODE = YES;
				CLANG_WARN__DUPLICATE_METHOD_MATCH = YES;
				CODE_SIGN_IDENTITY = "iPhone Developer";
				COPY_PHASE_STRIP = NO;
				DEBUG_INFORMATION_FORMAT = dwarf;
				ENABLE_STRICT_OBJC_MSGSEND = YES;
				ENABLE_TESTABILITY = YES;
				GCC_C_LANGUAGE_STANDARD = gnu11;
				GCC_DYNAMIC_NO_PIC = NO;
				GCC_NO_COMMON_BLOCKS = YES;
				GCC_OPTIMIZATION_LEVEL = 0;
				GCC_PREPROCESSOR_DEFINITIONS = (
					"DEBUG=1",
					"$(inherited)",
				);
				GCC_WARN_64_TO_32_BIT_CONVERSION = YES;
				GCC_WARN_ABOUT_RETURN_TYPE = YES_ERROR;
				GCC_WARN_UNDECLARED_SELECTOR = YES;
				GCC_WARN_UNINITIALIZED_AUTOS = YES_AGGRESSIVE;
				GCC_WARN_UNUSED_FUNCTION = YES;
				GCC_WARN_UNUSED_VARIABLE = YES;
				IPHONEOS_DEPLOYMENT_TARGET = 12.1;
				MTL_ENABLE_DEBUG_INFO = INCLUDE_SOURCE;
				MTL_FAST_MATH = YES;
				ONLY_ACTIVE_ARCH = YES;
				SDKROOT = iphoneos;
				SWIFT_ACTIVE_COMPILATION_CONDITIONS = DEBUG;
				SWIFT_OPTIMIZATION_LEVEL = "-Onone";
			};
			name = Debug;
		};
		4429927E21F0E8A0001965E8 /* Release */ = {
			isa = XCBuildConfiguration;
			buildSettings = {
				ALWAYS_SEARCH_USER_PATHS = NO;
				CLANG_ANALYZER_NONNULL = YES;
				CLANG_ANALYZER_NUMBER_OBJECT_CONVERSION = YES_AGGRESSIVE;
				CLANG_CXX_LANGUAGE_STANDARD = "gnu++14";
				CLANG_CXX_LIBRARY = "libc++";
				CLANG_ENABLE_MODULES = YES;
				CLANG_ENABLE_OBJC_ARC = YES;
				CLANG_ENABLE_OBJC_WEAK = YES;
				CLANG_WARN_BLOCK_CAPTURE_AUTORELEASING = YES;
				CLANG_WARN_BOOL_CONVERSION = YES;
				CLANG_WARN_COMMA = YES;
				CLANG_WARN_CONSTANT_CONVERSION = YES;
				CLANG_WARN_DEPRECATED_OBJC_IMPLEMENTATIONS = YES;
				CLANG_WARN_DIRECT_OBJC_ISA_USAGE = YES_ERROR;
				CLANG_WARN_DOCUMENTATION_COMMENTS = YES;
				CLANG_WARN_EMPTY_BODY = YES;
				CLANG_WARN_ENUM_CONVERSION = YES;
				CLANG_WARN_INFINITE_RECURSION = YES;
				CLANG_WARN_INT_CONVERSION = YES;
				CLANG_WARN_NON_LITERAL_NULL_CONVERSION = YES;
				CLANG_WARN_OBJC_IMPLICIT_RETAIN_SELF = YES;
				CLANG_WARN_OBJC_LITERAL_CONVERSION = YES;
				CLANG_WARN_OBJC_ROOT_CLASS = YES_ERROR;
				CLANG_WARN_RANGE_LOOP_ANALYSIS = YES;
				CLANG_WARN_STRICT_PROTOTYPES = YES;
				CLANG_WARN_SUSPICIOUS_MOVE = YES;
				CLANG_WARN_UNGUARDED_AVAILABILITY = YES_AGGRESSIVE;
				CLANG_WARN_UNREACHABLE_CODE = YES;
				CLANG_WARN__DUPLICATE_METHOD_MATCH = YES;
				CODE_SIGN_IDENTITY = "iPhone Developer";
				COPY_PHASE_STRIP = NO;
				DEBUG_INFORMATION_FORMAT = "dwarf-with-dsym";
				ENABLE_NS_ASSERTIONS = NO;
				ENABLE_STRICT_OBJC_MSGSEND = YES;
				GCC_C_LANGUAGE_STANDARD = gnu11;
				GCC_NO_COMMON_BLOCKS = YES;
				GCC_WARN_64_TO_32_BIT_CONVERSION = YES;
				GCC_WARN_ABOUT_RETURN_TYPE = YES_ERROR;
				GCC_WARN_UNDECLARED_SELECTOR = YES;
				GCC_WARN_UNINITIALIZED_AUTOS = YES_AGGRESSIVE;
				GCC_WARN_UNUSED_FUNCTION = YES;
				GCC_WARN_UNUSED_VARIABLE = YES;
				IPHONEOS_DEPLOYMENT_TARGET = 12.1;
				MTL_ENABLE_DEBUG_INFO = NO;
				MTL_FAST_MATH = YES;
				SDKROOT = iphoneos;
				SWIFT_COMPILATION_MODE = wholemodule;
				SWIFT_OPTIMIZATION_LEVEL = "-O";
				VALIDATE_PRODUCT = YES;
			};
			name = Release;
		};
		4429928021F0E8A0001965E8 /* Debug */ = {
			isa = XCBuildConfiguration;
			buildSettings = {
				ASSETCATALOG_COMPILER_APPICON_NAME = AppIcon;
				CODE_SIGN_STYLE = Automatic;
				INFOPLIST_FILE = "ht-8-upload-download/Info.plist";
				LD_RUNPATH_SEARCH_PATHS = (
					"$(inherited)",
					"@executable_path/Frameworks",
				);
				PRODUCT_BUNDLE_IDENTIFIER = "io.github.eugenevintsiv.ht-8-upload-download";
				PRODUCT_NAME = "$(TARGET_NAME)";
				SWIFT_VERSION = 4.2;
				TARGETED_DEVICE_FAMILY = "1,2";
			};
			name = Debug;
		};
		4429928121F0E8A0001965E8 /* Release */ = {
			isa = XCBuildConfiguration;
			buildSettings = {
				ASSETCATALOG_COMPILER_APPICON_NAME = AppIcon;
				CODE_SIGN_STYLE = Automatic;
				INFOPLIST_FILE = "ht-8-upload-download/Info.plist";
				LD_RUNPATH_SEARCH_PATHS = (
					"$(inherited)",
					"@executable_path/Frameworks",
				);
				PRODUCT_BUNDLE_IDENTIFIER = "io.github.eugenevintsiv.ht-8-upload-download";
				PRODUCT_NAME = "$(TARGET_NAME)";
				SWIFT_VERSION = 4.2;
				TARGETED_DEVICE_FAMILY = "1,2";
			};
			name = Release;
		};
/* End XCBuildConfiguration section */

/* Begin XCConfigurationList section */
		4429926821F0E89E001965E8 /* Build configuration list for PBXProject "ht-8-upload-download" */ = {
			isa = XCConfigurationList;
			buildConfigurations = (
				4429927D21F0E8A0001965E8 /* Debug */,
				4429927E21F0E8A0001965E8 /* Release */,
			);
			defaultConfigurationIsVisible = 0;
			defaultConfigurationName = Release;
		};
		4429927F21F0E8A0001965E8 /* Build configuration list for PBXNativeTarget "ht-8-upload-download" */ = {
			isa = XCConfigurationList;
			buildConfigurations = (
				4429928021F0E8A0001965E8 /* Debug */,
				4429928121F0E8A0001965E8 /* Release */,
			);
			defaultConfigurationIsVisible = 0;
			defaultConfigurationName = Release;
		};
/* End XCConfigurationList section */
	};
	rootObject = 4429926521F0E89E001965E8 /* Project object */;
}
